
Microsoft Visual Studio Solution File, Format Version 12.00
# Visual Studio 15
VisualStudioVersion = 15.0.28010.2036
MinimumVisualStudioVersion = 10.0.40219.1
Project("{9A19103F-16F7-4668-BE54-9A1E7A4F7556}") = "Neo4jMapper", "Neo4jMapper\Neo4jMapper.csproj", "{0FD19E45-1527-48BE-A3B0-E2602B640C44}"
EndProject
Project("{2150E333-8FDC-42A3-9474-1A3956D46DE8}") = "Common", "Common", "{802D01C4-3362-41C2-86EB-1012A1B3C2F2}"
EndProject
Project("{9A19103F-16F7-4668-BE54-9A1E7A4F7556}") = "Queries", "Queries\Queries.csproj", "{E75F8257-12D1-4A0A-9415-6B3CB5A551A3}"
EndProject
Project("{9A19103F-16F7-4668-BE54-9A1E7A4F7556}") = "Benchmarks", "Benchmarks\Benchmarks.csproj", "{96956351-A485-4619-AA5A-1B05A6528FD8}"
EndProject
Project("{9A19103F-16F7-4668-BE54-9A1E7A4F7556}") = "UsageGuide", "UsageGuide\UsageGuide.csproj", "{9FFFED3B-09C5-4FB0-B941-C38B0C587ABA}"
EndProject
Project("{9A19103F-16F7-4668-BE54-9A1E7A4F7556}") = "Examples", "Examples\Examples.csproj", "{0B23523B-ED9B-4363-B2A5-B4AD007B2AEC}"
EndProject
Project("{FAE04EC0-301F-11D3-BF4B-00C04F79EFBC}") = "Neo4jMapper.Core", "Neo4jMapper.Core\Neo4jMapper.Core.csproj", "{A77A0785-E4B3-4AB8-9BEB-2AA36E6C2473}"
EndProject
Global
	GlobalSection(SolutionConfigurationPlatforms) = preSolution
		Debug|Any CPU = Debug|Any CPU
		Release|Any CPU = Release|Any CPU
	EndGlobalSection
	GlobalSection(ProjectConfigurationPlatforms) = postSolution
		{0FD19E45-1527-48BE-A3B0-E2602B640C44}.Debug|Any CPU.ActiveCfg = Debug|Any CPU
		{0FD19E45-1527-48BE-A3B0-E2602B640C44}.Debug|Any CPU.Build.0 = Debug|Any CPU
		{0FD19E45-1527-48BE-A3B0-E2602B640C44}.Release|Any CPU.ActiveCfg = Release|Any CPU
		{0FD19E45-1527-48BE-A3B0-E2602B640C44}.Release|Any CPU.Build.0 = Release|Any CPU
		{E75F8257-12D1-4A0A-9415-6B3CB5A551A3}.Debug|Any CPU.ActiveCfg = Debug|Any CPU
		{E75F8257-12D1-4A0A-9415-6B3CB5A551A3}.Debug|Any CPU.Build.0 = Debug|Any CPU
		{E75F8257-12D1-4A0A-9415-6B3CB5A551A3}.Release|Any CPU.ActiveCfg = Release|Any CPU
		{E75F8257-12D1-4A0A-9415-6B3CB5A551A3}.Release|Any CPU.Build.0 = Release|Any CPU
		{96956351-A485-4619-AA5A-1B05A6528FD8}.Debug|Any CPU.ActiveCfg = Debug|Any CPU
		{96956351-A485-4619-AA5A-1B05A6528FD8}.Debug|Any CPU.Build.0 = Debug|Any CPU
		{96956351-A485-4619-AA5A-1B05A6528FD8}.Release|Any CPU.ActiveCfg = Release|Any CPU
		{96956351-A485-4619-AA5A-1B05A6528FD8}.Release|Any CPU.Build.0 = Release|Any CPU
		{9FFFED3B-09C5-4FB0-B941-C38B0C587ABA}.Debug|Any CPU.ActiveCfg = Debug|Any CPU
		{9FFFED3B-09C5-4FB0-B941-C38B0C587ABA}.Debug|Any CPU.Build.0 = Debug|Any CPU
		{9FFFED3B-09C5-4FB0-B941-C38B0C587ABA}.Release|Any CPU.ActiveCfg = Release|Any CPU
		{9FFFED3B-09C5-4FB0-B941-C38B0C587ABA}.Release|Any CPU.Build.0 = Release|Any CPU
		{0B23523B-ED9B-4363-B2A5-B4AD007B2AEC}.Debug|Any CPU.ActiveCfg = Debug|Any CPU
		{0B23523B-ED9B-4363-B2A5-B4AD007B2AEC}.Debug|Any CPU.Build.0 = Debug|Any CPU
		{0B23523B-ED9B-4363-B2A5-B4AD007B2AEC}.Release|Any CPU.ActiveCfg = Release|Any CPU
		{0B23523B-ED9B-4363-B2A5-B4AD007B2AEC}.Release|Any CPU.Build.0 = Release|Any CPU
		{A77A0785-E4B3-4AB8-9BEB-2AA36E6C2473}.Debug|Any CPU.ActiveCfg = Debug|Any CPU
		{A77A0785-E4B3-4AB8-9BEB-2AA36E6C2473}.Debug|Any CPU.Build.0 = Debug|Any CPU
		{A77A0785-E4B3-4AB8-9BEB-2AA36E6C2473}.Release|Any CPU.ActiveCfg = Release|Any CPU
		{A77A0785-E4B3-4AB8-9BEB-2AA36E6C2473}.Release|Any CPU.Build.0 = Release|Any CPU
	EndGlobalSection
	GlobalSection(SolutionProperties) = preSolution
		HideSolutionNode = FALSE
	EndGlobalSection
	GlobalSection(NestedProjects) = preSolution
		{E75F8257-12D1-4A0A-9415-6B3CB5A551A3} = {802D01C4-3362-41C2-86EB-1012A1B3C2F2}
	EndGlobalSection
	GlobalSection(ExtensibilityGlobals) = postSolution
		SolutionGuid = {DBA5C2A2-03D5-4992-96ED-6BB7AE8151A3}
	EndGlobalSection
EndGlobal
