
Microsoft Visual Studio Solution File, Format Version 12.00
# Visual Studio 15
VisualStudioVersion = 15.0.28010.2036
MinimumVisualStudioVersion = 10.0.40219.1
Project("{9A19103F-16F7-4668-BE54-9A1E7A4F7556}") = "Neo4jMapper", "Neo4jMapper\Neo4jMapper.csproj", "{0FD19E45-1527-48BE-A3B0-E2602B640C44}"
EndProject
Project("{9A19103F-16F7-4668-BE54-9A1E7A4F7556}") = "IntegrationTests", "IntegrationTests\IntegrationTests.csproj", "{5037BE8D-851D-436F-800B-A23EF66EA9D5}"
EndProject
Project("{9A19103F-16F7-4668-BE54-9A1E7A4F7556}") = "UnitTests", "UnitTests\UnitTests.csproj", "{72217327-B6DC-49AF-8CF1-80A7F8093081}"
EndProject
Project("{2150E333-8FDC-42A3-9474-1A3956D46DE8}") = "Tests", "Tests", "{C54B33B9-3D99-4DD7-B8B7-5855346C0005}"
EndProject
Global
	GlobalSection(SolutionConfigurationPlatforms) = preSolution
		Debug|Any CPU = Debug|Any CPU
		Release|Any CPU = Release|Any CPU
	EndGlobalSection
	GlobalSection(ProjectConfigurationPlatforms) = postSolution
		{0FD19E45-1527-48BE-A3B0-E2602B640C44}.Debug|Any CPU.ActiveCfg = Debug|Any CPU
		{0FD19E45-1527-48BE-A3B0-E2602B640C44}.Debug|Any CPU.Build.0 = Debug|Any CPU
		{0FD19E45-1527-48BE-A3B0-E2602B640C44}.Release|Any CPU.ActiveCfg = Release|Any CPU
		{0FD19E45-1527-48BE-A3B0-E2602B640C44}.Release|Any CPU.Build.0 = Release|Any CPU
		{5037BE8D-851D-436F-800B-A23EF66EA9D5}.Debug|Any CPU.ActiveCfg = Debug|Any CPU
		{5037BE8D-851D-436F-800B-A23EF66EA9D5}.Debug|Any CPU.Build.0 = Debug|Any CPU
		{5037BE8D-851D-436F-800B-A23EF66EA9D5}.Release|Any CPU.ActiveCfg = Release|Any CPU
		{5037BE8D-851D-436F-800B-A23EF66EA9D5}.Release|Any CPU.Build.0 = Release|Any CPU
		{72217327-B6DC-49AF-8CF1-80A7F8093081}.Debug|Any CPU.ActiveCfg = Debug|Any CPU
		{72217327-B6DC-49AF-8CF1-80A7F8093081}.Debug|Any CPU.Build.0 = Debug|Any CPU
		{72217327-B6DC-49AF-8CF1-80A7F8093081}.Release|Any CPU.ActiveCfg = Release|Any CPU
		{72217327-B6DC-49AF-8CF1-80A7F8093081}.Release|Any CPU.Build.0 = Release|Any CPU
	EndGlobalSection
	GlobalSection(SolutionProperties) = preSolution
		HideSolutionNode = FALSE
	EndGlobalSection
	GlobalSection(NestedProjects) = preSolution
		{5037BE8D-851D-436F-800B-A23EF66EA9D5} = {C54B33B9-3D99-4DD7-B8B7-5855346C0005}
		{72217327-B6DC-49AF-8CF1-80A7F8093081} = {C54B33B9-3D99-4DD7-B8B7-5855346C0005}
	EndGlobalSection
	GlobalSection(ExtensibilityGlobals) = postSolution
		SolutionGuid = {DBA5C2A2-03D5-4992-96ED-6BB7AE8151A3}
	EndGlobalSection
EndGlobal
